
Microsoft Visual Studio Solution File, Format Version 12.00
# Visual Studio Version 17
VisualStudioVersion = 17.1.32210.238
MinimumVisualStudioVersion = 10.0.40219.1
Project("{9A19103F-16F7-4668-BE54-9A1E7A4F7556}") = "IdentitySample", "IdentitySample\IdentitySample.csproj", "{0C6D7944-C054-42C4-B0FB-81C9191CBF6F}"
EndProject
Project("{9A19103F-16F7-4668-BE54-9A1E7A4F7556}") = "IdentitySample.BusinessLayer", "IdentitySample.BusinessLayer\IdentitySample.BusinessLayer.csproj", "{9F25D6C0-EBB4-48B3-B70F-0B22125BE46C}"
EndProject
Project("{9A19103F-16F7-4668-BE54-9A1E7A4F7556}") = "IdentitySample.Shared", "IdentitySample.Shared\IdentitySample.Shared.csproj", "{32C5B238-8AFB-4E14-86B4-976248E69CA3}"
EndProject
Project("{9A19103F-16F7-4668-BE54-9A1E7A4F7556}") = "IdentitySample.Authentication", "IdentitySample.Authentication\IdentitySample.Authentication.csproj", "{EE56978E-86F1-485B-A8A0-B43730C24BFE}"
EndProject
Project("{00D1A9C2-B5F0-4AF3-8072-F6C62B433612}") = "IdentitySample.Database.Authentication", "IdentitySample.Database.Authentication\IdentitySample.Database.Authentication.sqlproj", "{30E7860A-1055-4C16-82CE-6507BDF2642C}"
EndProject
Project("{2150E333-8FDC-42A3-9474-1A3956D46DE8}") = "Databases", "Databases", "{2D778555-E8EE-4073-B59F-E305F6493E95}"
EndProject
Project("{00D1A9C2-B5F0-4AF3-8072-F6C62B433612}") = "IdentitySample.Database", "IdentitySample.Database\IdentitySample.Database.sqlproj", "{4FBB9CE3-8940-45D0-B765-333CCC2FEB47}"
EndProject
Project("{9A19103F-16F7-4668-BE54-9A1E7A4F7556}") = "IdentitySample.DataAccessLayer", "IdentitySample.DataAccessLayer\IdentitySample.DataAccessLayer.csproj", "{4FF1E285-DDC0-4DA8-A8C6-F40AB7D7AF01}"
EndProject
Project("{9A19103F-16F7-4668-BE54-9A1E7A4F7556}") = "IdentitySample.Contracts", "IdentitySample.Contracts\IdentitySample.Contracts.csproj", "{F01DED0D-AE45-444C-B419-7346CDD6890B}"
EndProject
Project("{FAE04EC0-301F-11D3-BF4B-00C04F79EFBC}") = "IdentitySample.StorageProviders", "IdentitySample.StorageProviders\IdentitySample.StorageProviders.csproj", "{A7CA3DBA-96B5-458F-ADB8-D88A18D06B70}"
EndProject
Global
	GlobalSection(SolutionConfigurationPlatforms) = preSolution
		Debug|Any CPU = Debug|Any CPU
		Release|Any CPU = Release|Any CPU
	EndGlobalSection
	GlobalSection(ProjectConfigurationPlatforms) = postSolution
		{0C6D7944-C054-42C4-B0FB-81C9191CBF6F}.Debug|Any CPU.ActiveCfg = Debug|Any CPU
		{0C6D7944-C054-42C4-B0FB-81C9191CBF6F}.Debug|Any CPU.Build.0 = Debug|Any CPU
		{0C6D7944-C054-42C4-B0FB-81C9191CBF6F}.Release|Any CPU.ActiveCfg = Release|Any CPU
		{0C6D7944-C054-42C4-B0FB-81C9191CBF6F}.Release|Any CPU.Build.0 = Release|Any CPU
		{9F25D6C0-EBB4-48B3-B70F-0B22125BE46C}.Debug|Any CPU.ActiveCfg = Debug|Any CPU
		{9F25D6C0-EBB4-48B3-B70F-0B22125BE46C}.Debug|Any CPU.Build.0 = Debug|Any CPU
		{9F25D6C0-EBB4-48B3-B70F-0B22125BE46C}.Release|Any CPU.ActiveCfg = Release|Any CPU
		{9F25D6C0-EBB4-48B3-B70F-0B22125BE46C}.Release|Any CPU.Build.0 = Release|Any CPU
		{32C5B238-8AFB-4E14-86B4-976248E69CA3}.Debug|Any CPU.ActiveCfg = Debug|Any CPU
		{32C5B238-8AFB-4E14-86B4-976248E69CA3}.Debug|Any CPU.Build.0 = Debug|Any CPU
		{32C5B238-8AFB-4E14-86B4-976248E69CA3}.Release|Any CPU.ActiveCfg = Release|Any CPU
		{32C5B238-8AFB-4E14-86B4-976248E69CA3}.Release|Any CPU.Build.0 = Release|Any CPU
		{EE56978E-86F1-485B-A8A0-B43730C24BFE}.Debug|Any CPU.ActiveCfg = Debug|Any CPU
		{EE56978E-86F1-485B-A8A0-B43730C24BFE}.Debug|Any CPU.Build.0 = Debug|Any CPU
		{EE56978E-86F1-485B-A8A0-B43730C24BFE}.Release|Any CPU.ActiveCfg = Release|Any CPU
		{EE56978E-86F1-485B-A8A0-B43730C24BFE}.Release|Any CPU.Build.0 = Release|Any CPU
		{30E7860A-1055-4C16-82CE-6507BDF2642C}.Debug|Any CPU.ActiveCfg = Debug|Any CPU
		{30E7860A-1055-4C16-82CE-6507BDF2642C}.Debug|Any CPU.Build.0 = Debug|Any CPU
		{30E7860A-1055-4C16-82CE-6507BDF2642C}.Debug|Any CPU.Deploy.0 = Debug|Any CPU
		{30E7860A-1055-4C16-82CE-6507BDF2642C}.Release|Any CPU.ActiveCfg = Release|Any CPU
		{30E7860A-1055-4C16-82CE-6507BDF2642C}.Release|Any CPU.Build.0 = Release|Any CPU
		{30E7860A-1055-4C16-82CE-6507BDF2642C}.Release|Any CPU.Deploy.0 = Release|Any CPU
		{4FBB9CE3-8940-45D0-B765-333CCC2FEB47}.Debug|Any CPU.ActiveCfg = Debug|Any CPU
		{4FBB9CE3-8940-45D0-B765-333CCC2FEB47}.Debug|Any CPU.Build.0 = Debug|Any CPU
		{4FBB9CE3-8940-45D0-B765-333CCC2FEB47}.Debug|Any CPU.Deploy.0 = Debug|Any CPU
		{4FBB9CE3-8940-45D0-B765-333CCC2FEB47}.Release|Any CPU.ActiveCfg = Release|Any CPU
		{4FBB9CE3-8940-45D0-B765-333CCC2FEB47}.Release|Any CPU.Build.0 = Release|Any CPU
		{4FBB9CE3-8940-45D0-B765-333CCC2FEB47}.Release|Any CPU.Deploy.0 = Release|Any CPU
		{4FF1E285-DDC0-4DA8-A8C6-F40AB7D7AF01}.Debug|Any CPU.ActiveCfg = Debug|Any CPU
		{4FF1E285-DDC0-4DA8-A8C6-F40AB7D7AF01}.Debug|Any CPU.Build.0 = Debug|Any CPU
		{4FF1E285-DDC0-4DA8-A8C6-F40AB7D7AF01}.Release|Any CPU.ActiveCfg = Release|Any CPU
		{4FF1E285-DDC0-4DA8-A8C6-F40AB7D7AF01}.Release|Any CPU.Build.0 = Release|Any CPU
		{F01DED0D-AE45-444C-B419-7346CDD6890B}.Debug|Any CPU.ActiveCfg = Debug|Any CPU
		{F01DED0D-AE45-444C-B419-7346CDD6890B}.Debug|Any CPU.Build.0 = Debug|Any CPU
		{F01DED0D-AE45-444C-B419-7346CDD6890B}.Release|Any CPU.ActiveCfg = Release|Any CPU
		{F01DED0D-AE45-444C-B419-7346CDD6890B}.Release|Any CPU.Build.0 = Release|Any CPU
		{A7CA3DBA-96B5-458F-ADB8-D88A18D06B70}.Debug|Any CPU.ActiveCfg = Debug|Any CPU
		{A7CA3DBA-96B5-458F-ADB8-D88A18D06B70}.Debug|Any CPU.Build.0 = Debug|Any CPU
		{A7CA3DBA-96B5-458F-ADB8-D88A18D06B70}.Release|Any CPU.ActiveCfg = Release|Any CPU
		{A7CA3DBA-96B5-458F-ADB8-D88A18D06B70}.Release|Any CPU.Build.0 = Release|Any CPU
	EndGlobalSection
	GlobalSection(SolutionProperties) = preSolution
		HideSolutionNode = FALSE
	EndGlobalSection
	GlobalSection(NestedProjects) = preSolution
		{30E7860A-1055-4C16-82CE-6507BDF2642C} = {2D778555-E8EE-4073-B59F-E305F6493E95}
		{4FBB9CE3-8940-45D0-B765-333CCC2FEB47} = {2D778555-E8EE-4073-B59F-E305F6493E95}
	EndGlobalSection
	GlobalSection(ExtensibilityGlobals) = postSolution
		SolutionGuid = {735331B2-C874-401F-BC16-D12FE813080E}
	EndGlobalSection
EndGlobal
