
Microsoft Visual Studio Solution File, Format Version 12.00
# Visual Studio Version 17
VisualStudioVersion = 17.10.35027.167
MinimumVisualStudioVersion = 10.0.40219.1
Project("{9A19103F-16F7-4668-BE54-9A1E7A4F7556}") = "ConsumerService", "ConsumerService\ConsumerService.csproj", "{A717E335-3AAF-4CA0-BEB2-D29E64005101}"
EndProject
Project("{9A19103F-16F7-4668-BE54-9A1E7A4F7556}") = "IdentityClient", "IdentityClient\IdentityClient.csproj", "{61361DAC-5274-4849-891C-B391B527603F}"
EndProject
Project("{2150E333-8FDC-42A3-9474-1A3956D46DE8}") = "Solution Items", "Solution Items", "{4A30E5CD-CF3D-40C3-8CB2-4B635AE22CDE}"
	ProjectSection(SolutionItems) = preProject
		..\.editorconfig = ..\.editorconfig
		..\Directory.Build.props = ..\Directory.Build.props
	EndProjectSection
EndProject
Global
	GlobalSection(SolutionConfigurationPlatforms) = preSolution
		Debug|Any CPU = Debug|Any CPU
		Release|Any CPU = Release|Any CPU
	EndGlobalSection
	GlobalSection(ProjectConfigurationPlatforms) = postSolution
		{A717E335-3AAF-4CA0-BEB2-D29E64005101}.Debug|Any CPU.ActiveCfg = Debug|Any CPU
		{A717E335-3AAF-4CA0-BEB2-D29E64005101}.Debug|Any CPU.Build.0 = Debug|Any CPU
		{A717E335-3AAF-4CA0-BEB2-D29E64005101}.Release|Any CPU.ActiveCfg = Release|Any CPU
		{A717E335-3AAF-4CA0-BEB2-D29E64005101}.Release|Any CPU.Build.0 = Release|Any CPU
		{61361DAC-5274-4849-891C-B391B527603F}.Debug|Any CPU.ActiveCfg = Debug|Any CPU
		{61361DAC-5274-4849-891C-B391B527603F}.Debug|Any CPU.Build.0 = Debug|Any CPU
		{61361DAC-5274-4849-891C-B391B527603F}.Release|Any CPU.ActiveCfg = Release|Any CPU
		{61361DAC-5274-4849-891C-B391B527603F}.Release|Any CPU.Build.0 = Release|Any CPU
	EndGlobalSection
	GlobalSection(SolutionProperties) = preSolution
		HideSolutionNode = FALSE
	EndGlobalSection
	GlobalSection(ExtensibilityGlobals) = postSolution
		SolutionGuid = {540D0176-F127-44F4-A5C4-A4757E4EA868}
	EndGlobalSection
EndGlobal
